
Microsoft Visual Studio Solution File, Format Version 12.00
# Visual Studio Version 16
VisualStudioVersion = 16.0.30309.148
MinimumVisualStudioVersion = 10.0.40219.1
Project("{FAE04EC0-301F-11D3-BF4B-00C04F79EFBC}") = "Test", "Test\Test.csproj", "{951CEEA8-575D-427C-9885-A68D0C07FB72}"
EndProject
Global
	GlobalSection(SolutionConfigurationPlatforms) = preSolution
		Debug|Any CPU = Debug|Any CPU
		Release|Any CPU = Release|Any CPU
	EndGlobalSection
	GlobalSection(ProjectConfigurationPlatforms) = postSolution
		{951CEEA8-575D-427C-9885-A68D0C07FB72}.Debug|Any CPU.ActiveCfg = Debug|Any CPU
		{951CEEA8-575D-427C-9885-A68D0C07FB72}.Debug|Any CPU.Build.0 = Debug|Any CPU
		{951CEEA8-575D-427C-9885-A68D0C07FB72}.Release|Any CPU.ActiveCfg = Release|Any CPU
		{951CEEA8-575D-427C-9885-A68D0C07FB72}.Release|Any CPU.Build.0 = Release|Any CPU
	EndGlobalSection
	GlobalSection(SolutionProperties) = preSolution
		HideSolutionNode = FALSE
	EndGlobalSection
	GlobalSection(ExtensibilityGlobals) = postSolution
		SolutionGuid = {ABDEE8A8-32C1-417D-AFAE-C5D9874C6DF7}
	EndGlobalSection
EndGlobal
